PODS:
  - barcode_scan (0.0.1):
    - Flutter
    - MTBBarcodeScanner
  - Flutter (1.0.0)
  - flutter_zendesk_support (1.0.0):
    - Flutter
    - ZendeskSupportSDK (~> 5.0.3)
  - fluttertoast (0.0.2):
    - Flutter
  - FMDB (2.7.5):
    - FMDB/standard (= 2.7.5)
  - FMDB/standard (2.7.5)
  - image_gallery_saver (1.5.0):
    - Flutter
  - image_picker (0.0.1):
    - Flutter
  - MTBBarcodeScanner (5.0.11)
  - orientation (0.0.1):
    - Flutter
  - path_provider (0.0.1):
    - Flutter
  - "permission_handler (5.1.0+2)":
    - Flutter
  - shared_preferences (0.0.1):
    - Flutter
  - sqflite (0.0.2):
    - Flutter
    - FMDB (>= 2.7.5)
  - url_launcher (0.0.1):
    - Flutter
  - vibration (1.7.3):
    - Flutter
  - video_player (0.0.1):
    - Flutter
  - webview_flutter (0.0.1):
    - Flutter
  - ZendeskCommonUISDK (5.0.0):
    - ZendeskSDKConfigurationsSDK (~> 1.1.5)
  - ZendeskCoreSDK (2.4.1)
  - ZendeskMessagingAPISDK (3.6.0):
    - ZendeskSDKConfigurationsSDK (~> 1.1.5)
  - ZendeskMessagingSDK (3.6.0):
    - ZendeskCommonUISDK (~> 5.0.0)
    - ZendeskMessagingAPISDK (~> 3.6.0)
  - ZendeskSDKConfigurationsSDK (1.1.8)
  - ZendeskSupportProvidersSDK (5.0.5):
    - ZendeskCoreSDK (~> 2.4.0)
  - ZendeskSupportSDK (5.0.5):
    - ZendeskMessagingSDK (~> 3.6.0)
    - ZendeskSupportProvidersSDK (~> 5.0.5)

DEPENDENCIES:
  - barcode_scan (from `.symlinks/plugins/barcode_scan/ios`)
  - Flutter (from `Flutter`)
  - flutter_zendesk_support (from `.symlinks/plugins/flutter_zendesk_support/ios`)
  - fluttertoast (from `.symlinks/plugins/fluttertoast/ios`)
  - image_gallery_saver (from `.symlinks/plugins/image_gallery_saver/ios`)
  - image_picker (from `.symlinks/plugins/image_picker/ios`)
  - orientation (from `.symlinks/plugins/orientation/ios`)
  - path_provider (from `.symlinks/plugins/path_provider/ios`)
  - permission_handler (from `.symlinks/plugins/permission_handler/ios`)
  - shared_preferences (from `.symlinks/plugins/shared_preferences/ios`)
  - sqflite (from `.symlinks/plugins/sqflite/ios`)
  - url_launcher (from `.symlinks/plugins/url_launcher/ios`)
  - vibration (from `.symlinks/plugins/vibration/ios`)
  - video_player (from `.symlinks/plugins/video_player/ios`)
  - webview_flutter (from `.symlinks/plugins/webview_flutter/ios`)

SPEC REPOS:
  trunk:
    - FMDB
    - MTBBarcodeScanner
    - ZendeskCommonUISDK
    - ZendeskCoreSDK
    - ZendeskMessagingAPISDK
    - ZendeskMessagingSDK
    - ZendeskSDKConfigurationsSDK
    - ZendeskSupportProvidersSDK
    - ZendeskSupportSDK

EXTERNAL SOURCES:
  barcode_scan:
    :path: ".symlinks/plugins/barcode_scan/ios"
  Flutter:
    :path: Flutter
  flutter_zendesk_support:
    :path: ".symlinks/plugins/flutter_zendesk_support/ios"
  fluttertoast:
    :path: ".symlinks/plugins/fluttertoast/ios"
  image_gallery_saver:
    :path: ".symlinks/plugins/image_gallery_saver/ios"
  image_picker:
    :path: ".symlinks/plugins/image_picker/ios"
  orientation:
    :path: ".symlinks/plugins/orientation/ios"
  path_provider:
    :path: ".symlinks/plugins/path_provider/ios"
  permission_handler:
    :path: ".symlinks/plugins/permission_handler/ios"
  shared_preferences:
    :path: ".symlinks/plugins/shared_preferences/ios"
  sqflite:
    :path: ".symlinks/plugins/sqflite/ios"
  url_launcher:
    :path: ".symlinks/plugins/url_launcher/ios"
  vibration:
    :path: ".symlinks/plugins/vibration/ios"
  video_player:
    :path: ".symlinks/plugins/video_player/ios"
  webview_flutter:
    :path: ".symlinks/plugins/webview_flutter/ios"

SPEC CHECKSUMS:
  barcode_scan: 33f586d02270046fc6559135038b34b5754eaa4f
  Flutter: 434fef37c0980e73bb6479ef766c45957d4b510c
  flutter_zendesk_support: 24a52faea0b06212087013adaef1e5b5713c82c6
  fluttertoast: b644586ef3b16f67fae9a1f8754cef6b2d6b634b
  FMDB: 2ce00b547f966261cd18927a3ddb07cb6f3db82a
  image_gallery_saver: 259eab68fb271cfd57d599904f7acdc7832e7ef2
  image_picker: 9c3312491f862b28d21ecd8fdf0ee14e601b3f09
  MTBBarcodeScanner: f453b33c4b7dfe545d8c6484ed744d55671788cb
  orientation: 6c9203efe86ce4cff379756910f18b2d745628c3
  path_provider: abfe2b5c733d04e238b0d8691db0cfd63a27a93c
  permission_handler: ccb20a9fad0ee9b1314a52b70b76b473c5f8dab0
  shared_preferences: af6bfa751691cdc24be3045c43ec037377ada40d
  sqflite: 6d358c025f5b867b29ed92fc697fd34924e11904
  url_launcher: 6fef411d543ceb26efce54b05a0a40bfd74cbbef
  vibration: b5a33e764c3f609a975b9dca73dce20fdde627dc
  video_player: 9cc823b1d9da7e8427ee591e8438bfbcde500e6e
  webview_flutter: d2b4d6c66968ad042ad94cbb791f5b72b4678a96
  ZendeskCommonUISDK: 0b5ae632c28545c6f7e0791902f5672494d5ccd0
  ZendeskCoreSDK: 2dc9457ae01d024ca02f60f6134ad1ad90136c29
  ZendeskMessagingAPISDK: 29ce93e76b4833a2257d837de17a0efaeef867e5
  ZendeskMessagingSDK: bdb534cc75853fab1bc201ce97faadf9accdd1ab
  ZendeskSDKConfigurationsSDK: 8371b468db0d09e9198f6c5a97818826943ee1ee
  ZendeskSupportProvidersSDK: d21ce8eb3df1066338c7d3875bb818b32c3f124e
  ZendeskSupportSDK: 7e29a825e862aba217b7b89f7d3397f7deef586a

PODFILE CHECKSUM: 442e04c451bbfcb0adc8f04957ad2f0aeb01570c

COCOAPODS: 1.10.1
